
Microsoft Visual Studio Solution File, Format Version 12.00
# Visual Studio Version 17
VisualStudioVersion = 17.1.32328.378
MinimumVisualStudioVersion = 10.0.40219.1
Project("{9A19103F-16F7-4668-BE54-9A1E7A4F7556}") = "Console.MatchingPattern", "Console.MatchingPattern\Console.MatchingPattern.csproj", "{9B1BD56C-1D48-414B-8BF0-728D29BC4FF0}"
EndProject
Project("{9A19103F-16F7-4668-BE54-9A1E7A4F7556}") = "Console.PipeFunctions", "Console.PipeFunctions\Console.PipeFunctions.csproj", "{39C1E840-C4F4-4D85-9AAC-1029BE74F6CC}"
EndProject
Project("{9A19103F-16F7-4668-BE54-9A1E7A4F7556}") = "Console.CovarianceAndContravariance", "Console.CovarianceAndContravariance\Console.CovarianceAndContravariance.csproj", "{6DB5E4FB-D239-436D-9779-C235E78B3B28}"
EndProject
Project("{9A19103F-16F7-4668-BE54-9A1E7A4F7556}") = "Console.LinqQuerySintax", "Console.LinqQuerySintax\Console.LinqQuerySintax.csproj", "{9ABDC058-0D1E-452B-9A59-0C19818BF49F}"
EndProject
Project("{9A19103F-16F7-4668-BE54-9A1E7A4F7556}") = "Console.Span", "Console.Span\Console.Span.csproj", "{C3162327-63F1-4CC7-A329-DB3CDE16F0A2}"
EndProject
Project("{9A19103F-16F7-4668-BE54-9A1E7A4F7556}") = "Console.Memory", "Console.Memory\Console.Memory.csproj", "{9D994C22-8C0F-4924-9DA1-39429ADAD97A}"
EndProject
Project("{9A19103F-16F7-4668-BE54-9A1E7A4F7556}") = "Console.Flags", "Console.Flags\Console.Flags.csproj", "{44C544D9-7DB6-44B8-A1B8-DABFC0AF3010}"
EndProject
Project("{9A19103F-16F7-4668-BE54-9A1E7A4F7556}") = "Console.HigherOrderFunctions", "Console.HigherOrderFunctions\Console.HigherOrderFunctions.csproj", "{B30B99B0-7B9B-4CC5-9151-B6259E501012}"
EndProject
Project("{FAE04EC0-301F-11D3-BF4B-00C04F79EFBC}") = "Console.Result", "Console.Result\Console.Result.csproj", "{FF082C7A-172A-4A08-98A9-6CF1E7776A21}"
EndProject
Global
	GlobalSection(SolutionConfigurationPlatforms) = preSolution
		Debug|Any CPU = Debug|Any CPU
		Release|Any CPU = Release|Any CPU
	EndGlobalSection
	GlobalSection(ProjectConfigurationPlatforms) = postSolution
		{9B1BD56C-1D48-414B-8BF0-728D29BC4FF0}.Debug|Any CPU.ActiveCfg = Debug|Any CPU
		{9B1BD56C-1D48-414B-8BF0-728D29BC4FF0}.Debug|Any CPU.Build.0 = Debug|Any CPU
		{9B1BD56C-1D48-414B-8BF0-728D29BC4FF0}.Release|Any CPU.ActiveCfg = Release|Any CPU
		{9B1BD56C-1D48-414B-8BF0-728D29BC4FF0}.Release|Any CPU.Build.0 = Release|Any CPU
		{39C1E840-C4F4-4D85-9AAC-1029BE74F6CC}.Debug|Any CPU.ActiveCfg = Debug|Any CPU
		{39C1E840-C4F4-4D85-9AAC-1029BE74F6CC}.Debug|Any CPU.Build.0 = Debug|Any CPU
		{39C1E840-C4F4-4D85-9AAC-1029BE74F6CC}.Release|Any CPU.ActiveCfg = Release|Any CPU
		{39C1E840-C4F4-4D85-9AAC-1029BE74F6CC}.Release|Any CPU.Build.0 = Release|Any CPU
		{6DB5E4FB-D239-436D-9779-C235E78B3B28}.Debug|Any CPU.ActiveCfg = Debug|Any CPU
		{6DB5E4FB-D239-436D-9779-C235E78B3B28}.Debug|Any CPU.Build.0 = Debug|Any CPU
		{6DB5E4FB-D239-436D-9779-C235E78B3B28}.Release|Any CPU.ActiveCfg = Release|Any CPU
		{6DB5E4FB-D239-436D-9779-C235E78B3B28}.Release|Any CPU.Build.0 = Release|Any CPU
		{9ABDC058-0D1E-452B-9A59-0C19818BF49F}.Debug|Any CPU.ActiveCfg = Debug|Any CPU
		{9ABDC058-0D1E-452B-9A59-0C19818BF49F}.Debug|Any CPU.Build.0 = Debug|Any CPU
		{9ABDC058-0D1E-452B-9A59-0C19818BF49F}.Release|Any CPU.ActiveCfg = Release|Any CPU
		{9ABDC058-0D1E-452B-9A59-0C19818BF49F}.Release|Any CPU.Build.0 = Release|Any CPU
		{C3162327-63F1-4CC7-A329-DB3CDE16F0A2}.Debug|Any CPU.ActiveCfg = Debug|Any CPU
		{C3162327-63F1-4CC7-A329-DB3CDE16F0A2}.Debug|Any CPU.Build.0 = Debug|Any CPU
		{C3162327-63F1-4CC7-A329-DB3CDE16F0A2}.Release|Any CPU.ActiveCfg = Release|Any CPU
		{C3162327-63F1-4CC7-A329-DB3CDE16F0A2}.Release|Any CPU.Build.0 = Release|Any CPU
		{9D994C22-8C0F-4924-9DA1-39429ADAD97A}.Debug|Any CPU.ActiveCfg = Debug|Any CPU
		{9D994C22-8C0F-4924-9DA1-39429ADAD97A}.Debug|Any CPU.Build.0 = Debug|Any CPU
		{9D994C22-8C0F-4924-9DA1-39429ADAD97A}.Release|Any CPU.ActiveCfg = Release|Any CPU
		{9D994C22-8C0F-4924-9DA1-39429ADAD97A}.Release|Any CPU.Build.0 = Release|Any CPU
		{44C544D9-7DB6-44B8-A1B8-DABFC0AF3010}.Debug|Any CPU.ActiveCfg = Debug|Any CPU
		{44C544D9-7DB6-44B8-A1B8-DABFC0AF3010}.Debug|Any CPU.Build.0 = Debug|Any CPU
		{44C544D9-7DB6-44B8-A1B8-DABFC0AF3010}.Release|Any CPU.ActiveCfg = Release|Any CPU
		{44C544D9-7DB6-44B8-A1B8-DABFC0AF3010}.Release|Any CPU.Build.0 = Release|Any CPU
		{B30B99B0-7B9B-4CC5-9151-B6259E501012}.Debug|Any CPU.ActiveCfg = Debug|Any CPU
		{B30B99B0-7B9B-4CC5-9151-B6259E501012}.Debug|Any CPU.Build.0 = Debug|Any CPU
		{B30B99B0-7B9B-4CC5-9151-B6259E501012}.Release|Any CPU.ActiveCfg = Release|Any CPU
		{B30B99B0-7B9B-4CC5-9151-B6259E501012}.Release|Any CPU.Build.0 = Release|Any CPU
		{FF082C7A-172A-4A08-98A9-6CF1E7776A21}.Debug|Any CPU.ActiveCfg = Debug|Any CPU
		{FF082C7A-172A-4A08-98A9-6CF1E7776A21}.Debug|Any CPU.Build.0 = Debug|Any CPU
		{FF082C7A-172A-4A08-98A9-6CF1E7776A21}.Release|Any CPU.ActiveCfg = Release|Any CPU
		{FF082C7A-172A-4A08-98A9-6CF1E7776A21}.Release|Any CPU.Build.0 = Release|Any CPU
	EndGlobalSection
	GlobalSection(SolutionProperties) = preSolution
		HideSolutionNode = FALSE
	EndGlobalSection
	GlobalSection(ExtensibilityGlobals) = postSolution
		SolutionGuid = {17BB312D-D3CA-49DC-A6AA-621F612B910F}
	EndGlobalSection
EndGlobal
