
Microsoft Visual Studio Solution File, Format Version 12.00
# Visual Studio Version 17
VisualStudioVersion = 17.1.32328.378
MinimumVisualStudioVersion = 10.0.40219.1
Project("{9A19103F-16F7-4668-BE54-9A1E7A4F7556}") = "Console.MatchingPattern", "Console.MatchingPattern\Console.MatchingPattern.csproj", "{9B1BD56C-1D48-414B-8BF0-728D29BC4FF0}"
EndProject
Project("{9A19103F-16F7-4668-BE54-9A1E7A4F7556}") = "Console.PipeFunctions", "Console.PipeFunctions\Console.PipeFunctions.csproj", "{39C1E840-C4F4-4D85-9AAC-1029BE74F6CC}"
EndProject
Project("{9A19103F-16F7-4668-BE54-9A1E7A4F7556}") = "Console.CovarianceAndContravariance", "Console.CovarianceAndContravariance\Console.CovarianceAndContravariance.csproj", "{6DB5E4FB-D239-436D-9779-C235E78B3B28}"
EndProject
Project("{9A19103F-16F7-4668-BE54-9A1E7A4F7556}") = "Console.LinqQuerySintax", "Console.LinqQuerySintax\Console.LinqQuerySintax.csproj", "{9ABDC058-0D1E-452B-9A59-0C19818BF49F}"
EndProject
Project("{9A19103F-16F7-4668-BE54-9A1E7A4F7556}") = "Console.Span", "Console.Span\Console.Span.csproj", "{C3162327-63F1-4CC7-A329-DB3CDE16F0A2}"
EndProject
Project("{9A19103F-16F7-4668-BE54-9A1E7A4F7556}") = "Console.Memory", "Console.Memory\Console.Memory.csproj", "{9D994C22-8C0F-4924-9DA1-39429ADAD97A}"
EndProject
Project("{9A19103F-16F7-4668-BE54-9A1E7A4F7556}") = "Console.Flags", "Console.Flags\Console.Flags.csproj", "{44C544D9-7DB6-44B8-A1B8-DABFC0AF3010}"
EndProject
Project("{9A19103F-16F7-4668-BE54-9A1E7A4F7556}") = "Console.HigherOrderFunctions", "Console.HigherOrderFunctions\Console.HigherOrderFunctions.csproj", "{B30B99B0-7B9B-4CC5-9151-B6259E501012}"
EndProject
Project("{9A19103F-16F7-4668-BE54-9A1E7A4F7556}") = "Console.Result", "Console.Result\Console.Result.csproj", "{FF082C7A-172A-4A08-98A9-6CF1E7776A21}"
EndProject
Project("{9A19103F-16F7-4668-BE54-9A1E7A4F7556}") = "Console.Strategy", "Console.Strategy\Console.Strategy.csproj", "{BF09D3F6-543D-4812-9483-0FA20F0F189E}"
EndProject
Project("{9A19103F-16F7-4668-BE54-9A1E7A4F7556}") = "WebApi.DIEnumerable", "WebApi.DIEnumerable\WebApi.DIEnumerable.csproj", "{E470A5F1-6733-4010-BAAB-C32BB3D6D73D}"
EndProject
Project("{9A19103F-16F7-4668-BE54-9A1E7A4F7556}") = "Console.NumbersInFull", "Console.NumbersInFull\Console.NumbersInFull.csproj", "{7E6183F2-A122-4469-BC9E-542FAE9715AB}"
EndProject
Project("{9A19103F-16F7-4668-BE54-9A1E7A4F7556}") = "Console.DijkstraShortestPath", "Console.DijkstraShortestPath\Console.DijkstraShortestPath.csproj", "{55E9FE23-155A-4C27-97A8-18538630599B}"
EndProject
Project("{9A19103F-16F7-4668-BE54-9A1E7A4F7556}") = "Console.FibonacciBenchmark", "Console.FibonacciBenchmark\Console.FibonacciBenchmark.csproj", "{A9F86BC9-E274-425D-A303-EBBBE6ABAD04}"
EndProject
Project("{9A19103F-16F7-4668-BE54-9A1E7A4F7556}") = "Console.BFSShortestReachInGraph", "Console.BFSShortestReachInGraph\Console.BFSShortestReachInGraph.csproj", "{81F72396-EDA8-4BA8-9BBE-D4F71A58DDA5}"
EndProject
Project("{9A19103F-16F7-4668-BE54-9A1E7A4F7556}") = "Console.LiteDBTest", "Console.LiteDBTest\Console.LiteDBTest.csproj", "{E5C64260-42D4-40D2-BD04-5726C5099603}"
EndProject
Project("{9A19103F-16F7-4668-BE54-9A1E7A4F7556}") = "Console.StringManipulationBenchmark", "Console.StringManipulationBenchmark\Console.StringManipulationBenchmark.csproj", "{0FCD8436-3C30-4CE2-86F9-FA221C4B4DE3}"
EndProject
Project("{9A19103F-16F7-4668-BE54-9A1E7A4F7556}") = "WebApi.TestFastEndpoints", "WebApi.TestFastEndpoints\WebApi.TestFastEndpoints.csproj", "{95D484EF-26CC-49F9-8A43-025EB2B5CCBE}"
EndProject
Project("{9A19103F-16F7-4668-BE54-9A1E7A4F7556}") = "Console.TestMapster", "Console.TestMapster\Console.TestMapster.csproj", "{1AB0E5D5-6BC4-4334-ADCA-7A643523143F}"
EndProject
Project("{9A19103F-16F7-4668-BE54-9A1E7A4F7556}") = "Console.GoTypesConcept", "Console.GoTypesConcept\Console.GoTypesConcept.csproj", "{1EA6CD31-2073-4CDF-A719-07FEC8710D13}"
EndProject
Project("{9A19103F-16F7-4668-BE54-9A1E7A4F7556}") = "Console.BitOperations", "Console.BitOperations\Console.BitOperations.csproj", "{D05175F9-449A-42A5-817E-D7259EC21F26}"
EndProject
Project("{9A19103F-16F7-4668-BE54-9A1E7A4F7556}") = "WebApi.TestPriodicTimer", "WebApi.TestPriodicTimer\WebApi.TestPriodicTimer.csproj", "{5B0F4159-9917-4FB9-BCE2-07E914038899}"
EndProject
Project("{9A19103F-16F7-4668-BE54-9A1E7A4F7556}") = "Console.TestMatriz", "Console.TestMatriz\Console.TestMatriz.csproj", "{392C4D19-C810-47B4-94F0-4D5C36D003E9}"
EndProject
Project("{9A19103F-16F7-4668-BE54-9A1E7A4F7556}") = "Console.StringAlignment", "Console.StringAlignment\Console.StringAlignment.csproj", "{81E5F582-0EE0-4FAF-89EB-2E2290B42346}"
EndProject
Project("{9A19103F-16F7-4668-BE54-9A1E7A4F7556}") = "Console.TestLazy", "Console.TestLazy\Console.TestLazy.csproj", "{05D7C920-2FE9-4789-95B2-6E691E1DFF33}"
EndProject
Project("{2150E333-8FDC-42A3-9474-1A3956D46DE8}") = "FSharpInteroperability", "FSharpInteroperability", "{56304FDD-D652-4611-8662-59E7BC31EA78}"
EndProject
Project("{6EC3EE1D-3C4E-46DD-8F32-0CC8E7565705}") = "FSharpCalculations", "FSharpCalculations\FSharpCalculations.fsproj", "{E3D676C9-F716-40FB-9CAE-0E4F7C274A7C}"
EndProject
Project("{9A19103F-16F7-4668-BE54-9A1E7A4F7556}") = "Console.FSharpInteroperability", "Console.FSharpInteroperability\Console.FSharpInteroperability.csproj", "{95CAC362-51CA-4DC8-B9BE-00FA3DA44FEA}"
EndProject
Project("{9A19103F-16F7-4668-BE54-9A1E7A4F7556}") = "Console.Tests", "Console.Tests\Console.Tests.csproj", "{5AAE33B8-1420-41C5-9152-36DFDDA872B7}"
EndProject
Project("{9A19103F-16F7-4668-BE54-9A1E7A4F7556}") = "Console.DefaultProperties", "Console.DefaultProperties\Console.DefaultProperties.csproj", "{5133E75C-4EA8-41B5-8774-136F91437103}"
EndProject
Project("{9A19103F-16F7-4668-BE54-9A1E7A4F7556}") = "Console.ImmutableCollections", "Console.ImmutableCollections\Console.ImmutableCollections.csproj", "{1D54A760-AEF2-4050-B6DA-0B641E9EA574}"
EndProject
Project("{FAE04EC0-301F-11D3-BF4B-00C04F79EFBC}") = "Console.TestVerifySnapshot", "Console.TestVerifySnapshot\Console.TestVerifySnapshot.csproj", "{095AD381-A1A7-4712-A185-5B02FDB9BA05}"
EndProject
Project("{2150E333-8FDC-42A3-9474-1A3956D46DE8}") = "DateTimeOffsetTest", "DateTimeOffsetTest", "{8F3B33BF-07DB-40A8-93F0-5DB6C36C3B03}"
EndProject
Project("{FAE04EC0-301F-11D3-BF4B-00C04F79EFBC}") = "Console.DateTimeOffsetTest", "DateTimeOffsetTest\Console.DateTimeOffsetTest.csproj", "{7672B77C-2B65-40BC-8908-D2BFA52F7C32}"
EndProject
Project("{FAE04EC0-301F-11D3-BF4B-00C04F79EFBC}") = "UnitTest.DateTimeOffsetTest", "UnitTest.DateTimeOffsetTest\UnitTest.DateTimeOffsetTest.csproj", "{3E94FB93-78F7-4514-A9A4-24AAB8914E51}"
EndProject
Project("{FAE04EC0-301F-11D3-BF4B-00C04F79EFBC}") = "WebApi.TestMiddleware", "WebApi.TestMiddleware\WebApi.TestMiddleware.csproj", "{2167C0BD-376D-4EC0-96B3-9423F654884C}"
EndProject
Project("{FAE04EC0-301F-11D3-BF4B-00C04F79EFBC}") = "Console.RandomThreadSafeIssues", "Console.RandomThreadSafeIssues\Console.RandomThreadSafeIssues.csproj", "{8A794353-3550-4CB5-B67D-0AA954D93C33}"
EndProject
Project("{FAE04EC0-301F-11D3-BF4B-00C04F79EFBC}") = "Console.PathClass", "Console.PathClass\Console.PathClass.csproj", "{06CFE5FA-90D6-4127-9F73-2690E817EC4D}"
EndProject
Project("{FAE04EC0-301F-11D3-BF4B-00C04F79EFBC}") = "Console.MediatoRBenchmark", "Console.MediatoRBenchmark\Console.MediatoRBenchmark.csproj", "{20CCA778-04A3-4C70-8740-8D13ADCEFB3A}"
EndProject
Project("{FAE04EC0-301F-11D3-BF4B-00C04F79EFBC}") = "WebApi.TestMicroservice", "WebApi.TestMicroservice\WebApi.TestMicroservice.csproj", "{3E9760C8-C2E8-4254-B9B1-E1CC6C441946}"
EndProject
Project("{FAE04EC0-301F-11D3-BF4B-00C04F79EFBC}") = "Console.TaskCancelationToken", "Console.TaskCancelationToken\Console.TaskCancelationToken.csproj", "{78141810-CD0C-49AC-BB62-0A9874B39D26}"
EndProject
Project("{FAE04EC0-301F-11D3-BF4B-00C04F79EFBC}") = "Console.DebuggerAttributes", "Console.DebuggerAttributes\Console.DebuggerAttributes.csproj", "{69D5489D-8032-4580-9ED6-107D4CF2E745}"
EndProject
Project("{FAE04EC0-301F-11D3-BF4B-00C04F79EFBC}") = "Console.TestTimeSpan", "Console.TestTimeSpan\Console.TestTimeSpan.csproj", "{EDC3BD31-FCA6-4326-B159-94A5CCF58398}"
EndProject
Project("{FAE04EC0-301F-11D3-BF4B-00C04F79EFBC}") = "Console.WhenTryCatch", "Console.WhenTryCatch\Console.WhenTryCatch.csproj", "{C697E115-3C34-49B0-9802-745709ED32F2}"
EndProject
Project("{FAE04EC0-301F-11D3-BF4B-00C04F79EFBC}") = "Console.ConvertImageToBase64", "Console.ConvertImageToBase64\Console.ConvertImageToBase64.csproj", "{61D9E2D4-8306-4494-A1E6-F7DB509443FA}"
EndProject
Project("{FAE04EC0-301F-11D3-BF4B-00C04F79EFBC}") = "Console.EverethingAwaitable", "Console.EverethingAwaitable\Console.EverethingAwaitable.csproj", "{8A7BA7F0-E920-438C-8E64-8501D04D7708}"
EndProject
Project("{FAE04EC0-301F-11D3-BF4B-00C04F79EFBC}") = "WebApi.TestBuiltInContainer", "WebApi.TestBuiltInContainer\WebApi.TestBuiltInContainer.csproj", "{304F5519-2BBA-4E50-958C-680FD27E925C}"
EndProject
Global
	GlobalSection(SolutionConfigurationPlatforms) = preSolution
		Debug|Any CPU = Debug|Any CPU
		Release|Any CPU = Release|Any CPU
	EndGlobalSection
	GlobalSection(ProjectConfigurationPlatforms) = postSolution
		{9B1BD56C-1D48-414B-8BF0-728D29BC4FF0}.Debug|Any CPU.ActiveCfg = Debug|Any CPU
		{9B1BD56C-1D48-414B-8BF0-728D29BC4FF0}.Debug|Any CPU.Build.0 = Debug|Any CPU
		{9B1BD56C-1D48-414B-8BF0-728D29BC4FF0}.Release|Any CPU.ActiveCfg = Release|Any CPU
		{9B1BD56C-1D48-414B-8BF0-728D29BC4FF0}.Release|Any CPU.Build.0 = Release|Any CPU
		{39C1E840-C4F4-4D85-9AAC-1029BE74F6CC}.Debug|Any CPU.ActiveCfg = Debug|Any CPU
		{39C1E840-C4F4-4D85-9AAC-1029BE74F6CC}.Debug|Any CPU.Build.0 = Debug|Any CPU
		{39C1E840-C4F4-4D85-9AAC-1029BE74F6CC}.Release|Any CPU.ActiveCfg = Release|Any CPU
		{39C1E840-C4F4-4D85-9AAC-1029BE74F6CC}.Release|Any CPU.Build.0 = Release|Any CPU
		{6DB5E4FB-D239-436D-9779-C235E78B3B28}.Debug|Any CPU.ActiveCfg = Debug|Any CPU
		{6DB5E4FB-D239-436D-9779-C235E78B3B28}.Debug|Any CPU.Build.0 = Debug|Any CPU
		{6DB5E4FB-D239-436D-9779-C235E78B3B28}.Release|Any CPU.ActiveCfg = Release|Any CPU
		{6DB5E4FB-D239-436D-9779-C235E78B3B28}.Release|Any CPU.Build.0 = Release|Any CPU
		{9ABDC058-0D1E-452B-9A59-0C19818BF49F}.Debug|Any CPU.ActiveCfg = Debug|Any CPU
		{9ABDC058-0D1E-452B-9A59-0C19818BF49F}.Debug|Any CPU.Build.0 = Debug|Any CPU
		{9ABDC058-0D1E-452B-9A59-0C19818BF49F}.Release|Any CPU.ActiveCfg = Release|Any CPU
		{9ABDC058-0D1E-452B-9A59-0C19818BF49F}.Release|Any CPU.Build.0 = Release|Any CPU
		{C3162327-63F1-4CC7-A329-DB3CDE16F0A2}.Debug|Any CPU.ActiveCfg = Debug|Any CPU
		{C3162327-63F1-4CC7-A329-DB3CDE16F0A2}.Debug|Any CPU.Build.0 = Debug|Any CPU
		{C3162327-63F1-4CC7-A329-DB3CDE16F0A2}.Release|Any CPU.ActiveCfg = Release|Any CPU
		{C3162327-63F1-4CC7-A329-DB3CDE16F0A2}.Release|Any CPU.Build.0 = Release|Any CPU
		{9D994C22-8C0F-4924-9DA1-39429ADAD97A}.Debug|Any CPU.ActiveCfg = Debug|Any CPU
		{9D994C22-8C0F-4924-9DA1-39429ADAD97A}.Debug|Any CPU.Build.0 = Debug|Any CPU
		{9D994C22-8C0F-4924-9DA1-39429ADAD97A}.Release|Any CPU.ActiveCfg = Release|Any CPU
		{9D994C22-8C0F-4924-9DA1-39429ADAD97A}.Release|Any CPU.Build.0 = Release|Any CPU
		{44C544D9-7DB6-44B8-A1B8-DABFC0AF3010}.Debug|Any CPU.ActiveCfg = Debug|Any CPU
		{44C544D9-7DB6-44B8-A1B8-DABFC0AF3010}.Debug|Any CPU.Build.0 = Debug|Any CPU
		{44C544D9-7DB6-44B8-A1B8-DABFC0AF3010}.Release|Any CPU.ActiveCfg = Release|Any CPU
		{44C544D9-7DB6-44B8-A1B8-DABFC0AF3010}.Release|Any CPU.Build.0 = Release|Any CPU
		{B30B99B0-7B9B-4CC5-9151-B6259E501012}.Debug|Any CPU.ActiveCfg = Debug|Any CPU
		{B30B99B0-7B9B-4CC5-9151-B6259E501012}.Debug|Any CPU.Build.0 = Debug|Any CPU
		{B30B99B0-7B9B-4CC5-9151-B6259E501012}.Release|Any CPU.ActiveCfg = Release|Any CPU
		{B30B99B0-7B9B-4CC5-9151-B6259E501012}.Release|Any CPU.Build.0 = Release|Any CPU
		{FF082C7A-172A-4A08-98A9-6CF1E7776A21}.Debug|Any CPU.ActiveCfg = Debug|Any CPU
		{FF082C7A-172A-4A08-98A9-6CF1E7776A21}.Debug|Any CPU.Build.0 = Debug|Any CPU
		{FF082C7A-172A-4A08-98A9-6CF1E7776A21}.Release|Any CPU.ActiveCfg = Release|Any CPU
		{FF082C7A-172A-4A08-98A9-6CF1E7776A21}.Release|Any CPU.Build.0 = Release|Any CPU
		{BF09D3F6-543D-4812-9483-0FA20F0F189E}.Debug|Any CPU.ActiveCfg = Debug|Any CPU
		{BF09D3F6-543D-4812-9483-0FA20F0F189E}.Debug|Any CPU.Build.0 = Debug|Any CPU
		{BF09D3F6-543D-4812-9483-0FA20F0F189E}.Release|Any CPU.ActiveCfg = Release|Any CPU
		{BF09D3F6-543D-4812-9483-0FA20F0F189E}.Release|Any CPU.Build.0 = Release|Any CPU
		{E470A5F1-6733-4010-BAAB-C32BB3D6D73D}.Debug|Any CPU.ActiveCfg = Debug|Any CPU
		{E470A5F1-6733-4010-BAAB-C32BB3D6D73D}.Debug|Any CPU.Build.0 = Debug|Any CPU
		{E470A5F1-6733-4010-BAAB-C32BB3D6D73D}.Release|Any CPU.ActiveCfg = Release|Any CPU
		{E470A5F1-6733-4010-BAAB-C32BB3D6D73D}.Release|Any CPU.Build.0 = Release|Any CPU
		{7E6183F2-A122-4469-BC9E-542FAE9715AB}.Debug|Any CPU.ActiveCfg = Debug|Any CPU
		{7E6183F2-A122-4469-BC9E-542FAE9715AB}.Debug|Any CPU.Build.0 = Debug|Any CPU
		{7E6183F2-A122-4469-BC9E-542FAE9715AB}.Release|Any CPU.ActiveCfg = Release|Any CPU
		{7E6183F2-A122-4469-BC9E-542FAE9715AB}.Release|Any CPU.Build.0 = Release|Any CPU
		{55E9FE23-155A-4C27-97A8-18538630599B}.Debug|Any CPU.ActiveCfg = Debug|Any CPU
		{55E9FE23-155A-4C27-97A8-18538630599B}.Debug|Any CPU.Build.0 = Debug|Any CPU
		{55E9FE23-155A-4C27-97A8-18538630599B}.Release|Any CPU.ActiveCfg = Release|Any CPU
		{55E9FE23-155A-4C27-97A8-18538630599B}.Release|Any CPU.Build.0 = Release|Any CPU
		{A9F86BC9-E274-425D-A303-EBBBE6ABAD04}.Debug|Any CPU.ActiveCfg = Debug|Any CPU
		{A9F86BC9-E274-425D-A303-EBBBE6ABAD04}.Debug|Any CPU.Build.0 = Debug|Any CPU
		{A9F86BC9-E274-425D-A303-EBBBE6ABAD04}.Release|Any CPU.ActiveCfg = Release|Any CPU
		{A9F86BC9-E274-425D-A303-EBBBE6ABAD04}.Release|Any CPU.Build.0 = Release|Any CPU
		{81F72396-EDA8-4BA8-9BBE-D4F71A58DDA5}.Debug|Any CPU.ActiveCfg = Debug|Any CPU
		{81F72396-EDA8-4BA8-9BBE-D4F71A58DDA5}.Debug|Any CPU.Build.0 = Debug|Any CPU
		{81F72396-EDA8-4BA8-9BBE-D4F71A58DDA5}.Release|Any CPU.ActiveCfg = Release|Any CPU
		{81F72396-EDA8-4BA8-9BBE-D4F71A58DDA5}.Release|Any CPU.Build.0 = Release|Any CPU
		{E5C64260-42D4-40D2-BD04-5726C5099603}.Debug|Any CPU.ActiveCfg = Debug|Any CPU
		{E5C64260-42D4-40D2-BD04-5726C5099603}.Debug|Any CPU.Build.0 = Debug|Any CPU
		{E5C64260-42D4-40D2-BD04-5726C5099603}.Release|Any CPU.ActiveCfg = Release|Any CPU
		{E5C64260-42D4-40D2-BD04-5726C5099603}.Release|Any CPU.Build.0 = Release|Any CPU
		{0FCD8436-3C30-4CE2-86F9-FA221C4B4DE3}.Debug|Any CPU.ActiveCfg = Debug|Any CPU
		{0FCD8436-3C30-4CE2-86F9-FA221C4B4DE3}.Debug|Any CPU.Build.0 = Debug|Any CPU
		{0FCD8436-3C30-4CE2-86F9-FA221C4B4DE3}.Release|Any CPU.ActiveCfg = Release|Any CPU
		{0FCD8436-3C30-4CE2-86F9-FA221C4B4DE3}.Release|Any CPU.Build.0 = Release|Any CPU
		{95D484EF-26CC-49F9-8A43-025EB2B5CCBE}.Debug|Any CPU.ActiveCfg = Debug|Any CPU
		{95D484EF-26CC-49F9-8A43-025EB2B5CCBE}.Debug|Any CPU.Build.0 = Debug|Any CPU
		{95D484EF-26CC-49F9-8A43-025EB2B5CCBE}.Release|Any CPU.ActiveCfg = Release|Any CPU
		{95D484EF-26CC-49F9-8A43-025EB2B5CCBE}.Release|Any CPU.Build.0 = Release|Any CPU
		{1AB0E5D5-6BC4-4334-ADCA-7A643523143F}.Debug|Any CPU.ActiveCfg = Debug|Any CPU
		{1AB0E5D5-6BC4-4334-ADCA-7A643523143F}.Debug|Any CPU.Build.0 = Debug|Any CPU
		{1AB0E5D5-6BC4-4334-ADCA-7A643523143F}.Release|Any CPU.ActiveCfg = Release|Any CPU
		{1AB0E5D5-6BC4-4334-ADCA-7A643523143F}.Release|Any CPU.Build.0 = Release|Any CPU
		{1EA6CD31-2073-4CDF-A719-07FEC8710D13}.Debug|Any CPU.ActiveCfg = Debug|Any CPU
		{1EA6CD31-2073-4CDF-A719-07FEC8710D13}.Debug|Any CPU.Build.0 = Debug|Any CPU
		{1EA6CD31-2073-4CDF-A719-07FEC8710D13}.Release|Any CPU.ActiveCfg = Release|Any CPU
		{1EA6CD31-2073-4CDF-A719-07FEC8710D13}.Release|Any CPU.Build.0 = Release|Any CPU
		{D05175F9-449A-42A5-817E-D7259EC21F26}.Debug|Any CPU.ActiveCfg = Debug|Any CPU
		{D05175F9-449A-42A5-817E-D7259EC21F26}.Debug|Any CPU.Build.0 = Debug|Any CPU
		{D05175F9-449A-42A5-817E-D7259EC21F26}.Release|Any CPU.ActiveCfg = Release|Any CPU
		{D05175F9-449A-42A5-817E-D7259EC21F26}.Release|Any CPU.Build.0 = Release|Any CPU
		{5B0F4159-9917-4FB9-BCE2-07E914038899}.Debug|Any CPU.ActiveCfg = Debug|Any CPU
		{5B0F4159-9917-4FB9-BCE2-07E914038899}.Debug|Any CPU.Build.0 = Debug|Any CPU
		{5B0F4159-9917-4FB9-BCE2-07E914038899}.Release|Any CPU.ActiveCfg = Release|Any CPU
		{5B0F4159-9917-4FB9-BCE2-07E914038899}.Release|Any CPU.Build.0 = Release|Any CPU
		{392C4D19-C810-47B4-94F0-4D5C36D003E9}.Debug|Any CPU.ActiveCfg = Debug|Any CPU
		{392C4D19-C810-47B4-94F0-4D5C36D003E9}.Debug|Any CPU.Build.0 = Debug|Any CPU
		{392C4D19-C810-47B4-94F0-4D5C36D003E9}.Release|Any CPU.ActiveCfg = Release|Any CPU
		{392C4D19-C810-47B4-94F0-4D5C36D003E9}.Release|Any CPU.Build.0 = Release|Any CPU
		{81E5F582-0EE0-4FAF-89EB-2E2290B42346}.Debug|Any CPU.ActiveCfg = Debug|Any CPU
		{81E5F582-0EE0-4FAF-89EB-2E2290B42346}.Debug|Any CPU.Build.0 = Debug|Any CPU
		{81E5F582-0EE0-4FAF-89EB-2E2290B42346}.Release|Any CPU.ActiveCfg = Release|Any CPU
		{81E5F582-0EE0-4FAF-89EB-2E2290B42346}.Release|Any CPU.Build.0 = Release|Any CPU
		{05D7C920-2FE9-4789-95B2-6E691E1DFF33}.Debug|Any CPU.ActiveCfg = Debug|Any CPU
		{05D7C920-2FE9-4789-95B2-6E691E1DFF33}.Debug|Any CPU.Build.0 = Debug|Any CPU
		{05D7C920-2FE9-4789-95B2-6E691E1DFF33}.Release|Any CPU.ActiveCfg = Release|Any CPU
		{05D7C920-2FE9-4789-95B2-6E691E1DFF33}.Release|Any CPU.Build.0 = Release|Any CPU
		{E3D676C9-F716-40FB-9CAE-0E4F7C274A7C}.Debug|Any CPU.ActiveCfg = Debug|Any CPU
		{E3D676C9-F716-40FB-9CAE-0E4F7C274A7C}.Debug|Any CPU.Build.0 = Debug|Any CPU
		{E3D676C9-F716-40FB-9CAE-0E4F7C274A7C}.Release|Any CPU.ActiveCfg = Release|Any CPU
		{E3D676C9-F716-40FB-9CAE-0E4F7C274A7C}.Release|Any CPU.Build.0 = Release|Any CPU
		{95CAC362-51CA-4DC8-B9BE-00FA3DA44FEA}.Debug|Any CPU.ActiveCfg = Debug|Any CPU
		{95CAC362-51CA-4DC8-B9BE-00FA3DA44FEA}.Debug|Any CPU.Build.0 = Debug|Any CPU
		{95CAC362-51CA-4DC8-B9BE-00FA3DA44FEA}.Release|Any CPU.ActiveCfg = Release|Any CPU
		{95CAC362-51CA-4DC8-B9BE-00FA3DA44FEA}.Release|Any CPU.Build.0 = Release|Any CPU
		{5AAE33B8-1420-41C5-9152-36DFDDA872B7}.Debug|Any CPU.ActiveCfg = Debug|Any CPU
		{5AAE33B8-1420-41C5-9152-36DFDDA872B7}.Debug|Any CPU.Build.0 = Debug|Any CPU
		{5AAE33B8-1420-41C5-9152-36DFDDA872B7}.Release|Any CPU.ActiveCfg = Release|Any CPU
		{5AAE33B8-1420-41C5-9152-36DFDDA872B7}.Release|Any CPU.Build.0 = Release|Any CPU
		{7672B77C-2B65-40BC-8908-D2BFA52F7C32}.Debug|Any CPU.ActiveCfg = Debug|Any CPU
		{7672B77C-2B65-40BC-8908-D2BFA52F7C32}.Debug|Any CPU.Build.0 = Debug|Any CPU
		{7672B77C-2B65-40BC-8908-D2BFA52F7C32}.Release|Any CPU.ActiveCfg = Release|Any CPU
		{7672B77C-2B65-40BC-8908-D2BFA52F7C32}.Release|Any CPU.Build.0 = Release|Any CPU
		{3E94FB93-78F7-4514-A9A4-24AAB8914E51}.Debug|Any CPU.ActiveCfg = Debug|Any CPU
		{3E94FB93-78F7-4514-A9A4-24AAB8914E51}.Debug|Any CPU.Build.0 = Debug|Any CPU
		{3E94FB93-78F7-4514-A9A4-24AAB8914E51}.Release|Any CPU.ActiveCfg = Release|Any CPU
		{3E94FB93-78F7-4514-A9A4-24AAB8914E51}.Release|Any CPU.Build.0 = Release|Any CPU
		{5133E75C-4EA8-41B5-8774-136F91437103}.Debug|Any CPU.ActiveCfg = Debug|Any CPU
		{5133E75C-4EA8-41B5-8774-136F91437103}.Debug|Any CPU.Build.0 = Debug|Any CPU
		{5133E75C-4EA8-41B5-8774-136F91437103}.Release|Any CPU.ActiveCfg = Release|Any CPU
		{5133E75C-4EA8-41B5-8774-136F91437103}.Release|Any CPU.Build.0 = Release|Any CPU
		{1D54A760-AEF2-4050-B6DA-0B641E9EA574}.Debug|Any CPU.ActiveCfg = Debug|Any CPU
		{1D54A760-AEF2-4050-B6DA-0B641E9EA574}.Debug|Any CPU.Build.0 = Debug|Any CPU
		{1D54A760-AEF2-4050-B6DA-0B641E9EA574}.Release|Any CPU.ActiveCfg = Release|Any CPU
		{1D54A760-AEF2-4050-B6DA-0B641E9EA574}.Release|Any CPU.Build.0 = Release|Any CPU
		{095AD381-A1A7-4712-A185-5B02FDB9BA05}.Debug|Any CPU.ActiveCfg = Debug|Any CPU
		{095AD381-A1A7-4712-A185-5B02FDB9BA05}.Debug|Any CPU.Build.0 = Debug|Any CPU
		{095AD381-A1A7-4712-A185-5B02FDB9BA05}.Release|Any CPU.ActiveCfg = Release|Any CPU
		{095AD381-A1A7-4712-A185-5B02FDB9BA05}.Release|Any CPU.Build.0 = Release|Any CPU
		{2167C0BD-376D-4EC0-96B3-9423F654884C}.Debug|Any CPU.ActiveCfg = Debug|Any CPU
		{2167C0BD-376D-4EC0-96B3-9423F654884C}.Debug|Any CPU.Build.0 = Debug|Any CPU
		{2167C0BD-376D-4EC0-96B3-9423F654884C}.Release|Any CPU.ActiveCfg = Release|Any CPU
		{2167C0BD-376D-4EC0-96B3-9423F654884C}.Release|Any CPU.Build.0 = Release|Any CPU
		{8A794353-3550-4CB5-B67D-0AA954D93C33}.Debug|Any CPU.ActiveCfg = Debug|Any CPU
		{8A794353-3550-4CB5-B67D-0AA954D93C33}.Debug|Any CPU.Build.0 = Debug|Any CPU
		{8A794353-3550-4CB5-B67D-0AA954D93C33}.Release|Any CPU.ActiveCfg = Release|Any CPU
		{8A794353-3550-4CB5-B67D-0AA954D93C33}.Release|Any CPU.Build.0 = Release|Any CPU
		{06CFE5FA-90D6-4127-9F73-2690E817EC4D}.Debug|Any CPU.ActiveCfg = Debug|Any CPU
		{06CFE5FA-90D6-4127-9F73-2690E817EC4D}.Debug|Any CPU.Build.0 = Debug|Any CPU
		{06CFE5FA-90D6-4127-9F73-2690E817EC4D}.Release|Any CPU.ActiveCfg = Release|Any CPU
		{06CFE5FA-90D6-4127-9F73-2690E817EC4D}.Release|Any CPU.Build.0 = Release|Any CPU
		{20CCA778-04A3-4C70-8740-8D13ADCEFB3A}.Debug|Any CPU.ActiveCfg = Debug|Any CPU
		{20CCA778-04A3-4C70-8740-8D13ADCEFB3A}.Debug|Any CPU.Build.0 = Debug|Any CPU
		{20CCA778-04A3-4C70-8740-8D13ADCEFB3A}.Release|Any CPU.ActiveCfg = Release|Any CPU
		{20CCA778-04A3-4C70-8740-8D13ADCEFB3A}.Release|Any CPU.Build.0 = Release|Any CPU
		{3E9760C8-C2E8-4254-B9B1-E1CC6C441946}.Debug|Any CPU.ActiveCfg = Debug|Any CPU
		{3E9760C8-C2E8-4254-B9B1-E1CC6C441946}.Debug|Any CPU.Build.0 = Debug|Any CPU
		{3E9760C8-C2E8-4254-B9B1-E1CC6C441946}.Release|Any CPU.ActiveCfg = Release|Any CPU
		{3E9760C8-C2E8-4254-B9B1-E1CC6C441946}.Release|Any CPU.Build.0 = Release|Any CPU
		{78141810-CD0C-49AC-BB62-0A9874B39D26}.Debug|Any CPU.ActiveCfg = Debug|Any CPU
		{78141810-CD0C-49AC-BB62-0A9874B39D26}.Debug|Any CPU.Build.0 = Debug|Any CPU
		{78141810-CD0C-49AC-BB62-0A9874B39D26}.Release|Any CPU.ActiveCfg = Release|Any CPU
		{78141810-CD0C-49AC-BB62-0A9874B39D26}.Release|Any CPU.Build.0 = Release|Any CPU
		{69D5489D-8032-4580-9ED6-107D4CF2E745}.Debug|Any CPU.ActiveCfg = Debug|Any CPU
		{69D5489D-8032-4580-9ED6-107D4CF2E745}.Debug|Any CPU.Build.0 = Debug|Any CPU
		{69D5489D-8032-4580-9ED6-107D4CF2E745}.Release|Any CPU.ActiveCfg = Release|Any CPU
		{69D5489D-8032-4580-9ED6-107D4CF2E745}.Release|Any CPU.Build.0 = Release|Any CPU
		{EDC3BD31-FCA6-4326-B159-94A5CCF58398}.Debug|Any CPU.ActiveCfg = Debug|Any CPU
		{EDC3BD31-FCA6-4326-B159-94A5CCF58398}.Debug|Any CPU.Build.0 = Debug|Any CPU
		{EDC3BD31-FCA6-4326-B159-94A5CCF58398}.Release|Any CPU.ActiveCfg = Release|Any CPU
		{EDC3BD31-FCA6-4326-B159-94A5CCF58398}.Release|Any CPU.Build.0 = Release|Any CPU
		{C697E115-3C34-49B0-9802-745709ED32F2}.Debug|Any CPU.ActiveCfg = Debug|Any CPU
		{C697E115-3C34-49B0-9802-745709ED32F2}.Debug|Any CPU.Build.0 = Debug|Any CPU
		{C697E115-3C34-49B0-9802-745709ED32F2}.Release|Any CPU.ActiveCfg = Release|Any CPU
		{C697E115-3C34-49B0-9802-745709ED32F2}.Release|Any CPU.Build.0 = Release|Any CPU
		{61D9E2D4-8306-4494-A1E6-F7DB509443FA}.Debug|Any CPU.ActiveCfg = Debug|Any CPU
		{61D9E2D4-8306-4494-A1E6-F7DB509443FA}.Debug|Any CPU.Build.0 = Debug|Any CPU
		{61D9E2D4-8306-4494-A1E6-F7DB509443FA}.Release|Any CPU.ActiveCfg = Release|Any CPU
		{61D9E2D4-8306-4494-A1E6-F7DB509443FA}.Release|Any CPU.Build.0 = Release|Any CPU
		{8A7BA7F0-E920-438C-8E64-8501D04D7708}.Debug|Any CPU.ActiveCfg = Debug|Any CPU
		{8A7BA7F0-E920-438C-8E64-8501D04D7708}.Debug|Any CPU.Build.0 = Debug|Any CPU
		{8A7BA7F0-E920-438C-8E64-8501D04D7708}.Release|Any CPU.ActiveCfg = Release|Any CPU
		{8A7BA7F0-E920-438C-8E64-8501D04D7708}.Release|Any CPU.Build.0 = Release|Any CPU
		{304F5519-2BBA-4E50-958C-680FD27E925C}.Debug|Any CPU.ActiveCfg = Debug|Any CPU
		{304F5519-2BBA-4E50-958C-680FD27E925C}.Debug|Any CPU.Build.0 = Debug|Any CPU
		{304F5519-2BBA-4E50-958C-680FD27E925C}.Release|Any CPU.ActiveCfg = Release|Any CPU
		{304F5519-2BBA-4E50-958C-680FD27E925C}.Release|Any CPU.Build.0 = Release|Any CPU
	EndGlobalSection
	GlobalSection(SolutionProperties) = preSolution
		HideSolutionNode = FALSE
	EndGlobalSection
	GlobalSection(NestedProjects) = preSolution
		{3E94FB93-78F7-4514-A9A4-24AAB8914E51} = {8F3B33BF-07DB-40A8-93F0-5DB6C36C3B03}
		{7672B77C-2B65-40BC-8908-D2BFA52F7C32} = {8F3B33BF-07DB-40A8-93F0-5DB6C36C3B03}
		{E3D676C9-F716-40FB-9CAE-0E4F7C274A7C} = {56304FDD-D652-4611-8662-59E7BC31EA78}
		{95CAC362-51CA-4DC8-B9BE-00FA3DA44FEA} = {56304FDD-D652-4611-8662-59E7BC31EA78}
	EndGlobalSection
	GlobalSection(ExtensibilityGlobals) = postSolution
		SolutionGuid = {17BB312D-D3CA-49DC-A6AA-621F612B910F}
	EndGlobalSection
EndGlobal
